// !$*UTF8*$!
{
	archiveVersion = 1;
	classes = {
	};
	objectVersion = 50;
	objects = {

/* Begin PBXBuildFile section */
		54585CFD25FD4B8300CA87D1 /* AppDelegate.swift in Sources */ = {isa = PBXBuildFile; fileRef = 54585CFC25FD4B8300CA87D1 /* AppDelegate.swift */; };
		54585CFF25FD4B8300CA87D1 /* SceneDelegate.swift in Sources */ = {isa = PBXBuildFile; fileRef = 54585CFE25FD4B8300CA87D1 /* SceneDelegate.swift */; };
		54585D0425FD4B8300CA87D1 /* Main.storyboard in Resources */ = {isa = PBXBuildFile; fileRef = 54585D0225FD4B8300CA87D1 /* Main.storyboard */; };
		54585D0625FD4B8600CA87D1 /* Assets.xcassets in Resources */ = {isa = PBXBuildFile; fileRef = 54585D0525FD4B8600CA87D1 /* Assets.xcassets */; };
		54585D0925FD4B8600CA87D1 /* LaunchScreen.storyboard in Resources */ = {isa = PBXBuildFile; fileRef = 54585D0725FD4B8600CA87D1 /* LaunchScreen.storyboard */; };
		54585D1125FD4D1E00CA87D1 /* ViewController.swift in Sources */ = {isa = PBXBuildFile; fileRef = 54585D1025FD4D1E00CA87D1 /* ViewController.swift */; };
		54585D1325FD4F4F00CA87D1 /* DetailVC.swift in Sources */ = {isa = PBXBuildFile; fileRef = 54585D1225FD4F4F00CA87D1 /* DetailVC.swift */; };
		5476A187263C6BB200580DAE /* .gitignore in Resources */ = {isa = PBXBuildFile; fileRef = 5476A186263C6BB200580DAE /* .gitignore */; };
/* End PBXBuildFile section */

/* Begin PBXFileReference section */
		54585CF925FD4B8300CA87D1 /* UITableView + UIImage.app */ = {isa = PBXFileReference; explicitFileType = wrapper.application; includeInIndex = 0; path = "UITableView + UIImage.app"; sourceTree = BUILT_PRODUCTS_DIR; };
		54585CFC25FD4B8300CA87D1 /* AppDelegate.swift */ = {isa = PBXFileReference; lastKnownFileType = sourcecode.swift; path = AppDelegate.swift; sourceTree = "<group>"; };
		54585CFE25FD4B8300CA87D1 /* SceneDelegate.swift */ = {isa = PBXFileReference; lastKnownFileType = sourcecode.swift; path = SceneDelegate.swift; sourceTree = "<group>"; };
		54585D0325FD4B8300CA87D1 /* Base */ = {isa = PBXFileReference; lastKnownFileType = file.storyboard; name = Base; path = Base.lproj/Main.storyboard; sourceTree = "<group>"; };
		54585D0525FD4B8600CA87D1 /* Assets.xcassets */ = {isa = PBXFileReference; lastKnownFileType = folder.assetcatalog; path = Assets.xcassets; sourceTree = "<group>"; };
		54585D0825FD4B8600CA87D1 /* Base */ = {isa = PBXFileReference; lastKnownFileType = file.storyboard; name = Base; path = Base.lproj/LaunchScreen.storyboard; sourceTree = "<group>"; };
		54585D0A25FD4B8600CA87D1 /* Info.plist */ = {isa = PBXFileReference; lastKnownFileType = text.plist.xml; path = Info.plist; sourceTree = "<group>"; };
		54585D1025FD4D1E00CA87D1 /* ViewController.swift */ = {isa = PBXFileReference; lastKnownFileType = sourcecode.swift; path = ViewController.swift; sourceTree = "<group>"; };
		54585D1225FD4F4F00CA87D1 /* DetailVC.swift */ = {isa = PBXFileReference; lastKnownFileType = sourcecode.swift; path = DetailVC.swift; sourceTree = "<group>"; };
		5476A186263C6BB200580DAE /* .gitignore */ = {isa = PBXFileReference; lastKnownFileType = text; path = .gitignore; sourceTree = "<group>"; };
/* End PBXFileReference section */

/* Begin PBXFrameworksBuildPhase section */
		54585CF625FD4B8200CA87D1 /* Frameworks */ = {
			isa = PBXFrameworksBuildPhase;
			buildActionMask = 2147483647;
			files = (
			);
			runOnlyForDeploymentPostprocessing = 0;
		};
/* End PBXFrameworksBuildPhase section */

/* Begin PBXGroup section */
		54585CF025FD4B8200CA87D1 = {
			isa = PBXGroup;
			children = (
				54585CFB25FD4B8300CA87D1 /* UITableView + UIImage */,
				54585CFA25FD4B8300CA87D1 /* Products */,
			);
			sourceTree = "<group>";
		};
		54585CFA25FD4B8300CA87D1 /* Products */ = {
			isa = PBXGroup;
			children = (
				54585CF925FD4B8300CA87D1 /* UITableView + UIImage.app */,
			);
			name = Products;
			sourceTree = "<group>";
		};
		54585CFB25FD4B8300CA87D1 /* UITableView + UIImage */ = {
			isa = PBXGroup;
			children = (
				54585CFC25FD4B8300CA87D1 /* AppDelegate.swift */,
				54585CFE25FD4B8300CA87D1 /* SceneDelegate.swift */,
				54585D1025FD4D1E00CA87D1 /* ViewController.swift */,
				5476A186263C6BB200580DAE /* .gitignore */,
				54585D1225FD4F4F00CA87D1 /* DetailVC.swift */,
				54585D0225FD4B8300CA87D1 /* Main.storyboard */,
				54585D0525FD4B8600CA87D1 /* Assets.xcassets */,
				54585D0725FD4B8600CA87D1 /* LaunchScreen.storyboard */,
				54585D0A25FD4B8600CA87D1 /* Info.plist */,
			);
			path = "UITableView + UIImage";
			sourceTree = "<group>";
		};
/* End PBXGroup section */

/* Begin PBXNativeTarget section */
		54585CF825FD4B8200CA87D1 /* UITableView + UIImage */ = {
			isa = PBXNativeTarget;
			buildConfigurationList = 54585D0D25FD4B8600CA87D1 /* Build configuration list for PBXNativeTarget "UITableView + UIImage" */;
			buildPhases = (
				54585CF525FD4B8200CA87D1 /* Sources */,
				54585CF625FD4B8200CA87D1 /* Frameworks */,
				54585CF725FD4B8200CA87D1 /* Resources */,
			);
			buildRules = (
			);
			dependencies = (
			);
			name = "UITableView + UIImage";
			productName = "UITableView + UIImage";
			productReference = 54585CF925FD4B8300CA87D1 /* UITableView + UIImage.app */;
			productType = "com.apple.product-type.application";
		};
/* End PBXNativeTarget section */

/* Begin PBXProject section */
		54585CF125FD4B8200CA87D1 /* Project object */ = {
			isa = PBXProject;
			attributes = {
				LastSwiftUpdateCheck = 1170;
				LastUpgradeCheck = 1170;
				ORGANIZATIONNAME = "Бейбарыс Шагай";
				TargetAttributes = {
					54585CF825FD4B8200CA87D1 = {
						CreatedOnToolsVersion = 11.7;
					};
				};
			};
			buildConfigurationList = 54585CF425FD4B8200CA87D1 /* Build configuration list for PBXProject "UITableView + UIImage" */;
			compatibilityVersion = "Xcode 9.3";
			developmentRegion = en;
			hasScannedForEncodings = 0;
			knownRegions = (
				en,
				Base,
			);
			mainGroup = 54585CF025FD4B8200CA87D1;
			productRefGroup = 54585CFA25FD4B8300CA87D1 /* Products */;
			projectDirPath = "";
			projectRoot = "";
			targets = (
				54585CF825FD4B8200CA87D1 /* UITableView + UIImage */,
			);
		};
/* End PBXProject section */

/* Begin PBXResourcesBuildPhase section */
		54585CF725FD4B8200CA87D1 /* Resources */ = {
			isa = PBXResourcesBuildPhase;
			buildActionMask = 2147483647;
			files = (
				5476A187263C6BB200580DAE /* .gitignore in Resources */,
				54585D0925FD4B8600CA87D1 /* LaunchScreen.storyboard in Resources */,
				54585D0625FD4B8600CA87D1 /* Assets.xcassets in Resources */,
				54585D0425FD4B8300CA87D1 /* Main.storyboard in Resources */,
			);
			runOnlyForDeploymentPostprocessing = 0;
		};
/* End PBXResourcesBuildPhase section */

/* Begin PBXSourcesBuildPhase section */
		54585CF525FD4B8200CA87D1 /* Sources */ = {
			isa = PBXSourcesBuildPhase;
			buildActionMask = 2147483647;
			files = (
				54585D1125FD4D1E00CA87D1 /* ViewController.swift in Sources */,
				54585D1325FD4F4F00CA87D1 /* DetailVC.swift in Sources */,
				54585CFD25FD4B8300CA87D1 /* AppDelegate.swift in Sources */,
				54585CFF25FD4B8300CA87D1 /* SceneDelegate.swift in Sources */,
			);
			runOnlyForDeploymentPostprocessing = 0;
		};
/* End PBXSourcesBuildPhase section */

/* Begin PBXVariantGroup section */
		54585D0225FD4B8300CA87D1 /* Main.storyboard */ = {
			isa = PBXVariantGroup;
			children = (
				54585D0325FD4B8300CA87D1 /* Base */,
			);
			name = Main.storyboard;
			sourceTree = "<group>";
		};
		54585D0725FD4B8600CA87D1 /* LaunchScreen.storyboard */ = {
			isa = PBXVariantGroup;
			children = (
				54585D0825FD4B8600CA87D1 /* Base */,
			);
			name = LaunchScreen.storyboard;
			sourceTree = "<group>";
		};
/* End PBXVariantGroup section */

/* Begin XCBuildConfiguration section */
		54585D0B25FD4B8600CA87D1 /* Debug */ = {
			isa = XCBuildConfiguration;
			buildSettings = {
				ALWAYS_SEARCH_USER_PATHS = NO;
				CLANG_ANALYZER_NONNULL = YES;
				CLANG_ANALYZER_NUMBER_OBJECT_CONVERSION = YES_AGGRESSIVE;
				CLANG_CXX_LANGUAGE_STANDARD = "gnu++14";
				CLANG_CXX_LIBRARY = "libc++";
				CLANG_ENABLE_MODULES = YES;
				CLANG_ENABLE_OBJC_ARC = YES;
				CLANG_ENABLE_OBJC_WEAK = YES;
				CLANG_WARN_BLOCK_CAPTURE_AUTORELEASING = YES;
				CLANG_WARN_BOOL_CONVERSION = YES;
				CLANG_WARN_COMMA = YES;
				CLANG_WARN_CONSTANT_CONVERSION = YES;
				CLANG_WARN_DEPRECATED_OBJC_IMPLEMENTATIONS = YES;
				CLANG_WARN_DIRECT_OBJC_ISA_USAGE = YES_ERROR;
				CLANG_WARN_DOCUMENTATION_COMMENTS = YES;
				CLANG_WARN_EMPTY_BODY = YES;
				CLANG_WARN_ENUM_CONVERSION = YES;
				CLANG_WARN_INFINITE_RECURSION = YES;
				CLANG_WARN_INT_CONVERSION = YES;
				CLANG_WARN_NON_LITERAL_NULL_CONVERSION = YES;
				CLANG_WARN_OBJC_IMPLICIT_RETAIN_SELF = YES;
				CLANG_WARN_OBJC_LITERAL_CONVERSION = YES;
				CLANG_WARN_OBJC_ROOT_CLASS = YES_ERROR;
				CLANG_WARN_RANGE_LOOP_ANALYSIS = YES;
				CLANG_WARN_STRICT_PROTOTYPES = YES;
				CLANG_WARN_SUSPICIOUS_MOVE = YES;
				CLANG_WARN_UNGUARDED_AVAILABILITY = YES_AGGRESSIVE;
				CLANG_WARN_UNREACHABLE_CODE = YES;
				CLANG_WARN__DUPLICATE_METHOD_MATCH = YES;
				COPY_PHASE_STRIP = NO;
				DEBUG_INFORMATION_FORMAT = dwarf;
				ENABLE_STRICT_OBJC_MSGSEND = YES;
				ENABLE_TESTABILITY = YES;
				GCC_C_LANGUAGE_STANDARD = gnu11;
				GCC_DYNAMIC_NO_PIC = NO;
				GCC_NO_COMMON_BLOCKS = YES;
				GCC_OPTIMIZATION_LEVEL = 0;
				GCC_PREPROCESSOR_DEFINITIONS = (
					"DEBUG=1",
					"$(inherited)",
				);
				GCC_WARN_64_TO_32_BIT_CONVERSION = YES;
				GCC_WARN_ABOUT_RETURN_TYPE = YES_ERROR;
				GCC_WARN_UNDECLARED_SELECTOR = YES;
				GCC_WARN_UNINITIALIZED_AUTOS = YES_AGGRESSIVE;
				GCC_WARN_UNUSED_FUNCTION = YES;
				GCC_WARN_UNUSED_VARIABLE = YES;
				IPHONEOS_DEPLOYMENT_TARGET = 13.7;
				MTL_ENABLE_DEBUG_INFO = INCLUDE_SOURCE;
				MTL_FAST_MATH = YES;
				ONLY_ACTIVE_ARCH = YES;
				SDKROOT = iphoneos;
				SWIFT_ACTIVE_COMPILATION_CONDITIONS = DEBUG;
				SWIFT_OPTIMIZATION_LEVEL = "-Onone";
			};
			name = Debug;
		};
		54585D0C25FD4B8600CA87D1 /* Release */ = {
			isa = XCBuildConfiguration;
			buildSettings = {
				ALWAYS_SEARCH_USER_PATHS = NO;
				CLANG_ANALYZER_NONNULL = YES;
				CLANG_ANALYZER_NUMBER_OBJECT_CONVERSION = YES_AGGRESSIVE;
				CLANG_CXX_LANGUAGE_STANDARD = "gnu++14";
				CLANG_CXX_LIBRARY = "libc++";
				CLANG_ENABLE_MODULES = YES;
				CLANG_ENABLE_OBJC_ARC = YES;
				CLANG_ENABLE_OBJC_WEAK = YES;
				CLANG_WARN_BLOCK_CAPTURE_AUTORELEASING = YES;
				CLANG_WARN_BOOL_CONVERSION = YES;
				CLANG_WARN_COMMA = YES;
				CLANG_WARN_CONSTANT_CONVERSION = YES;
				CLANG_WARN_DEPRECATED_OBJC_IMPLEMENTATIONS = YES;
				CLANG_WARN_DIRECT_OBJC_ISA_USAGE = YES_ERROR;
				CLANG_WARN_DOCUMENTATION_COMMENTS = YES;
				CLANG_WARN_EMPTY_BODY = YES;
				CLANG_WARN_ENUM_CONVERSION = YES;
				CLANG_WARN_INFINITE_RECURSION = YES;
				CLANG_WARN_INT_CONVERSION = YES;
				CLANG_WARN_NON_LITERAL_NULL_CONVERSION = YES;
				CLANG_WARN_OBJC_IMPLICIT_RETAIN_SELF = YES;
				CLANG_WARN_OBJC_LITERAL_CONVERSION = YES;
				CLANG_WARN_OBJC_ROOT_CLASS = YES_ERROR;
				CLANG_WARN_RANGE_LOOP_ANALYSIS = YES;
				CLANG_WARN_STRICT_PROTOTYPES = YES;
				CLANG_WARN_SUSPICIOUS_MOVE = YES;
				CLANG_WARN_UNGUARDED_AVAILABILITY = YES_AGGRESSIVE;
				CLANG_WARN_UNREACHABLE_CODE = YES;
				CLANG_WARN__DUPLICATE_METHOD_MATCH = YES;
				COPY_PHASE_STRIP = NO;
				DEBUG_INFORMATION_FORMAT = "dwarf-with-dsym";
				ENABLE_NS_ASSERTIONS = NO;
				ENABLE_STRICT_OBJC_MSGSEND = YES;
				GCC_C_LANGUAGE_STANDARD = gnu11;
				GCC_NO_COMMON_BLOCKS = YES;
				GCC_WARN_64_TO_32_BIT_CONVERSION = YES;
				GCC_WARN_ABOUT_RETURN_TYPE = YES_ERROR;
				GCC_WARN_UNDECLARED_SELECTOR = YES;
				GCC_WARN_UNINITIALIZED_AUTOS = YES_AGGRESSIVE;
				GCC_WARN_UNUSED_FUNCTION = YES;
				GCC_WARN_UNUSED_VARIABLE = YES;
				IPHONEOS_DEPLOYMENT_TARGET = 13.7;
				MTL_ENABLE_DEBUG_INFO = NO;
				MTL_FAST_MATH = YES;
				SDKROOT = iphoneos;
				SWIFT_COMPILATION_MODE = wholemodule;
				SWIFT_OPTIMIZATION_LEVEL = "-O";
				VALIDATE_PRODUCT = YES;
			};
			name = Release;
		};
		54585D0E25FD4B8600CA87D1 /* Debug */ = {
			isa = XCBuildConfiguration;
			buildSettings = {
				ASSETCATALOG_COMPILER_APPICON_NAME = AppIcon;
				CODE_SIGN_STYLE = Automatic;
				DEVELOPMENT_TEAM = D2HRKMFNN5;
				INFOPLIST_FILE = "UITableView + UIImage/Info.plist";
				LD_RUNPATH_SEARCH_PATHS = (
					"$(inherited)",
					"@executable_path/Frameworks",
				);
				PRODUCT_BUNDLE_IDENTIFIER = "wordnik.api.UITableView---UIImage";
				PRODUCT_NAME = "$(TARGET_NAME)";
				SWIFT_VERSION = 5.0;
				TARGETED_DEVICE_FAMILY = "1,2";
			};
			name = Debug;
		};
		54585D0F25FD4B8600CA87D1 /* Release */ = {
			isa = XCBuildConfiguration;
			buildSettings = {
				ASSETCATALOG_COMPILER_APPICON_NAME = AppIcon;
				CODE_SIGN_STYLE = Automatic;
				DEVELOPMENT_TEAM = D2HRKMFNN5;
				INFOPLIST_FILE = "UITableView + UIImage/Info.plist";
				LD_RUNPATH_SEARCH_PATHS = (
					"$(inherited)",
					"@executable_path/Frameworks",
				);
				PRODUCT_BUNDLE_IDENTIFIER = "wordnik.api.UITableView---UIImage";
				PRODUCT_NAME = "$(TARGET_NAME)";
				SWIFT_VERSION = 5.0;
				TARGETED_DEVICE_FAMILY = "1,2";
			};
			name = Release;
		};
/* End XCBuildConfiguration section */

/* Begin XCConfigurationList section */
		54585CF425FD4B8200CA87D1 /* Build configuration list for PBXProject "UITableView + UIImage" */ = {
			isa = XCConfigurationList;
			buildConfigurations = (
				54585D0B25FD4B8600CA87D1 /* Debug */,
				54585D0C25FD4B8600CA87D1 /* Release */,
			);
			defaultConfigurationIsVisible = 0;
			defaultConfigurationName = Release;
		};
		54585D0D25FD4B8600CA87D1 /* Build configuration list for PBXNativeTarget "UITableView + UIImage" */ = {
			isa = XCConfigurationList;
			buildConfigurations = (
				54585D0E25FD4B8600CA87D1 /* Debug */,
				54585D0F25FD4B8600CA87D1 /* Release */,
			);
			defaultConfigurationIsVisible = 0;
			defaultConfigurationName = Release;
		};
/* End XCConfigurationList section */
	};
	rootObject = 54585CF125FD4B8200CA87D1 /* Project object */;
}
